version = 1
revision = 3
requires-python = "==3.9.*"

[[package]]
name = "colorama"
version = "0.4.6"
source = { registry = "https://pypi.org/simple" }
sdist = { url = "https://files.pythonhosted.org/packages/d8/53/6f443c9a4a8358a93a6792e2acffb9d9d5cb0a5cfd8802644b7b1c9a02e4/colorama-0.4.6.tar.gz", hash = "sha256:08695f5cb7ed6e0531a20572697297273c47b8cae5a63ffc6d6ed5c201be6e44", size = 27697, upload-time = "2022-10-25T02:36:22.414Z" }
wheels = [
    { url = "https://files.pythonhosted.org/packages/d1/d6/3965ed04c63042e047cb6a3e6ed1a63a35087b6a609aa3a15ed8ac56c221/colorama-0.4.6-py2.py3-none-any.whl", hash = "sha256:4f1d9991f5acc0ca119f9d443620b77f9d6b33703e51011c16baf57afb285fc6", size = 25335, upload-time = "2022-10-25T02:36:20.889Z" },
]

[[package]]
name = "easydict"
version = "1.13"
source = { registry = "https://pypi.org/simple" }
sdist = { url = "https://files.pythonhosted.org/packages/24/9f/d18d6b5e19244788a6d09c14a8406376b4f4bfcc008e6d17a4f4c15362e8/easydict-1.13.tar.gz", hash = "sha256:b1135dedbc41c8010e2bc1f77ec9744c7faa42bce1a1c87416791449d6c87780", size = 6809, upload-time = "2024-03-04T12:04:41.251Z" }
wheels = [
    { url = "https://files.pythonhosted.org/packages/05/ec/fa6963f1198172c2b75c9ab6ecefb3045991f92f75f5eb41b6621b198123/easydict-1.13-py3-none-any.whl", hash = "sha256:6b787daf4dcaf6377b4ad9403a5cee5a86adbc0ca9a5bcf5410e9902002aeac2", size = 6804, upload-time = "2024-03-04T12:04:39.508Z" },
]

[[package]]
name = "glob2"
version = "0.7"
source = { registry = "https://pypi.org/simple" }
sdist = { url = "https://files.pythonhosted.org/packages/d7/a5/bbbc3b74a94fbdbd7915e7ad030f16539bfdc1362f7e9003b594f0537950/glob2-0.7.tar.gz", hash = "sha256:85c3dbd07c8aa26d63d7aacee34fa86e9a91a3873bc30bf62ec46e531f92ab8c", size = 10697, upload-time = "2019-06-10T23:33:48.308Z" }

[[package]]
name = "led"
version = "0.1.0"
source = { virtual = "." }
dependencies = [
    { name = "easydict" },
    { name = "glob2" },
    { name = "numpy" },
    { name = "pyyaml" },
    { name = "tqdm" },
]

[package.metadata]
requires-dist = [
    { name = "easydict", specifier = ">=1.13" },
    { name = "glob2", specifier = ">=0.7" },
    { name = "numpy", specifier = "==1.24" },
    { name = "pyyaml", specifier = ">=6.0.3" },
    { name = "tqdm", specifier = ">=4.67.1" },
]

[[package]]
name = "numpy"
version = "1.24.0"
source = { registry = "https://pypi.org/simple" }
sdist = { url = "https://files.pythonhosted.org/packages/5f/c7/5ca7c100dcc85b5ef1b176bdf87be5e4392c2c3018e13cc7cdef828c6a09/numpy-1.24.0.tar.gz", hash = "sha256:c4ab7c9711fe6b235e86487ca74c1b092a6dd59a3cb45b63241ea0a148501853", size = 10897101, upload-time = "2022-12-18T19:33:53.177Z" }
wheels = [
    { url = "https://files.pythonhosted.org/packages/51/5f/65b0a05c28913932dc6e587abed4b1419eaaef90455273a071c67e9dc7fd/numpy-1.24.0-cp39-cp39-macosx_10_9_x86_64.whl", hash = "sha256:ab11f6a7602cf8ea4c093e091938207de3068c5693a0520168ecf4395750f7ea", size = 19810849, upload-time = "2022-12-18T18:00:07.403Z" },
    { url = "https://files.pythonhosted.org/packages/da/f6/a35d900170b4d0d9ab798c167ac3ed58aad90af420f22930205e5292bba9/numpy-1.24.0-cp39-cp39-macosx_11_0_arm64.whl", hash = "sha256:12bba5561d8118981f2f1ff069ecae200c05d7b6c78a5cdac0911f74bc71cbd1", size = 13871215, upload-time = "2022-12-18T18:00:28.309Z" },
    { url = "https://files.pythonhosted.org/packages/12/18/396e3b4c796527bd5d0c10d591d077643295604ffebe4602baeff1809659/numpy-1.24.0-cp39-cp39-manylinux_2_17_aarch64.manylinux2014_aarch64.whl", hash = "sha256:9af91f794d2d3007d91d749ebc955302889261db514eb24caef30e03e8ec1e41", size = 14016029, upload-time = "2022-12-18T18:00:49.492Z" },
    { url = "https://files.pythonhosted.org/packages/a8/e7/695aa010663d32e55622fb41fac3e4217b2cfb88a94b7e1c336819e8d4e3/numpy-1.24.0-cp39-cp39-manylinux_2_17_x86_64.manylinux2014_x86_64.whl", hash = "sha256:8b1ddfac6a82d4f3c8e99436c90b9c2c68c0bb14658d1684cdd00f05fab241f5", size = 17298739, upload-time = "2022-12-18T18:01:14.999Z" },
    { url = "https://files.pythonhosted.org/packages/be/30/14e1ac50923e133c9068d22ee163d008d27bb5513f5f52141025fe1650a7/numpy-1.24.0-cp39-cp39-win32.whl", hash = "sha256:ac4fe68f1a5a18136acebd4eff91aab8bed00d1ef2fdb34b5d9192297ffbbdfc", size = 12437696, upload-time = "2022-12-18T18:01:33.924Z" },
    { url = "https://files.pythonhosted.org/packages/fa/b2/44a7b0979c51f01f131c1e8279bd481a380072a4ad8f5ac0efa94fad85e1/numpy-1.24.0-cp39-cp39-win_amd64.whl", hash = "sha256:667b5b1f6a352419e340f6475ef9930348ae5cb7fca15f2cc3afcb530823715e", size = 14852244, upload-time = "2022-12-18T19:33:22.815Z" },
]

[[package]]
name = "pyyaml"
version = "6.0.3"
source = { registry = "https://pypi.org/simple" }
sdist = { url = "https://files.pythonhosted.org/packages/05/8e/961c0007c59b8dd7729d542c61a4d537767a59645b82a0b521206e1e25c2/pyyaml-6.0.3.tar.gz", hash = "sha256:d76623373421df22fb4cf8817020cbb7ef15c725b9d5e45f17e189bfc384190f", size = 130960, upload-time = "2025-09-25T21:33:16.546Z" }
wheels = [
    { url = "https://files.pythonhosted.org/packages/9f/62/67fc8e68a75f738c9200422bf65693fb79a4cd0dc5b23310e5202e978090/pyyaml-6.0.3-cp39-cp39-macosx_10_13_x86_64.whl", hash = "sha256:b865addae83924361678b652338317d1bd7e79b1f4596f96b96c77a5a34b34da", size = 184450, upload-time = "2025-09-25T21:33:00.618Z" },
    { url = "https://files.pythonhosted.org/packages/ae/92/861f152ce87c452b11b9d0977952259aa7df792d71c1053365cc7b09cc08/pyyaml-6.0.3-cp39-cp39-macosx_11_0_arm64.whl", hash = "sha256:c3355370a2c156cffb25e876646f149d5d68f5e0a3ce86a5084dd0b64a994917", size = 174319, upload-time = "2025-09-25T21:33:02.086Z" },
    { url = "https://files.pythonhosted.org/packages/d0/cd/f0cfc8c74f8a030017a2b9c771b7f47e5dd702c3e28e5b2071374bda2948/pyyaml-6.0.3-cp39-cp39-manylinux2014_aarch64.manylinux_2_17_aarch64.manylinux_2_28_aarch64.whl", hash = "sha256:3c5677e12444c15717b902a5798264fa7909e41153cdf9ef7ad571b704a63dd9", size = 737631, upload-time = "2025-09-25T21:33:03.25Z" },
    { url = "https://files.pythonhosted.org/packages/ef/b2/18f2bd28cd2055a79a46c9b0895c0b3d987ce40ee471cecf58a1a0199805/pyyaml-6.0.3-cp39-cp39-manylinux2014_s390x.manylinux_2_17_s390x.manylinux_2_28_s390x.whl", hash = "sha256:5ed875a24292240029e4483f9d4a4b8a1ae08843b9c54f43fcc11e404532a8a5", size = 836795, upload-time = "2025-09-25T21:33:05.014Z" },
    { url = "https://files.pythonhosted.org/packages/73/b9/793686b2d54b531203c160ef12bec60228a0109c79bae6c1277961026770/pyyaml-6.0.3-cp39-cp39-manylinux2014_x86_64.manylinux_2_17_x86_64.manylinux_2_28_x86_64.whl", hash = "sha256:0150219816b6a1fa26fb4699fb7daa9caf09eb1999f3b70fb6e786805e80375a", size = 750767, upload-time = "2025-09-25T21:33:06.398Z" },
    { url = "https://files.pythonhosted.org/packages/a9/86/a137b39a611def2ed78b0e66ce2fe13ee701a07c07aebe55c340ed2a050e/pyyaml-6.0.3-cp39-cp39-musllinux_1_2_aarch64.whl", hash = "sha256:fa160448684b4e94d80416c0fa4aac48967a969efe22931448d853ada8baf926", size = 727982, upload-time = "2025-09-25T21:33:08.708Z" },
    { url = "https://files.pythonhosted.org/packages/dd/62/71c27c94f457cf4418ef8ccc71735324c549f7e3ea9d34aba50874563561/pyyaml-6.0.3-cp39-cp39-musllinux_1_2_x86_64.whl", hash = "sha256:27c0abcb4a5dac13684a37f76e701e054692a9b2d3064b70f5e4eb54810553d7", size = 755677, upload-time = "2025-09-25T21:33:09.876Z" },
    { url = "https://files.pythonhosted.org/packages/29/3d/6f5e0d58bd924fb0d06c3a6bad00effbdae2de5adb5cda5648006ffbd8d3/pyyaml-6.0.3-cp39-cp39-win32.whl", hash = "sha256:1ebe39cb5fc479422b83de611d14e2c0d3bb2a18bbcb01f229ab3cfbd8fee7a0", size = 142592, upload-time = "2025-09-25T21:33:10.983Z" },
    { url = "https://files.pythonhosted.org/packages/f0/0c/25113e0b5e103d7f1490c0e947e303fe4a696c10b501dea7a9f49d4e876c/pyyaml-6.0.3-cp39-cp39-win_amd64.whl", hash = "sha256:2e71d11abed7344e42a8849600193d15b6def118602c4c176f748e4583246007", size = 158777, upload-time = "2025-09-25T21:33:15.55Z" },
]

[[package]]
name = "tqdm"
version = "4.67.1"
source = { registry = "https://pypi.org/simple" }
dependencies = [
    { name = "colorama", marker = "sys_platform == 'win32'" },
]
sdist = { url = "https://files.pythonhosted.org/packages/a8/4b/29b4ef32e036bb34e4ab51796dd745cdba7ed47ad142a9f4a1eb8e0c744d/tqdm-4.67.1.tar.gz", hash = "sha256:f8aef9c52c08c13a65f30ea34f4e5aac3fd1a34959879d7e59e63027286627f2", size = 169737, upload-time = "2024-11-24T20:12:22.481Z" }
wheels = [
    { url = "https://files.pythonhosted.org/packages/d0/30/dc54f88dd4a2b5dc8a0279bdd7270e735851848b762aeb1c1184ed1f6b14/tqdm-4.67.1-py3-none-any.whl", hash = "sha256:26445eca388f82e72884e0d580d5464cd801a3ea01e63e5601bdff9ba6a48de2", size = 78540, upload-time = "2024-11-24T20:12:19.698Z" },
]
